
Microsoft Visual Studio Solution File, Format Version 12.00
# Visual Studio Version 17
VisualStudioVersion = 17.14.36408.4 d17.14
MinimumVisualStudioVersion = 10.0.40219.1
Project("{FAE04EC0-301F-11D3-BF4B-00C04F79EFBC}") = "Silksong.GameLibs", "Silksong.GameLibs.csproj", "{64368AA0-1E53-4F76-82C9-C11AC4D8495D}"
EndProject
Global
	GlobalSection(SolutionConfigurationPlatforms) = preSolution
		Debug|Any CPU = Debug|Any CPU
		Release|Any CPU = Release|Any CPU
	EndGlobalSection
	GlobalSection(ProjectConfigurationPlatforms) = postSolution
		{64368AA0-1E53-4F76-82C9-C11AC4D8495D}.Debug|Any CPU.ActiveCfg = Debug|Any CPU
		{64368AA0-1E53-4F76-82C9-C11AC4D8495D}.Debug|Any CPU.Build.0 = Debug|Any CPU
		{64368AA0-1E53-4F76-82C9-C11AC4D8495D}.Release|Any CPU.ActiveCfg = Release|Any CPU
		{64368AA0-1E53-4F76-82C9-C11AC4D8495D}.Release|Any CPU.Build.0 = Release|Any CPU
	EndGlobalSection
	GlobalSection(SolutionProperties) = preSolution
		HideSolutionNode = FALSE
	EndGlobalSection
	GlobalSection(ExtensibilityGlobals) = postSolution
		SolutionGuid = {30EC4999-3EF8-4DC5-AB7A-93C3C666D0AF}
	EndGlobalSection
EndGlobal
